<Solution>
  <Project Path="StockTracker.Shared.Contracts/StockTracker.Shared.Contracts.csproj" />
  <Project Path="StockTracker.Shared.Scraping/StockTracker.Shared.Scraping.csproj" />
  <Project Path="StockTracker.Billing/StockTracker.Billing.csproj" />
  <Project Path="StockTracker.BershkaScraper/StockTracker.BershkaScraper.csproj" />
  <Project Path="StockTracker.ZaraScraper/StockTracker.ZaraScraper.csproj" />
  <Project Path="StockTracker.MangoScraper/StockTracker.MangoScraper.csproj" />
  <Project Path="StockTracker.HmScraper/StockTracker.HmScraper.csproj" />
  <Project Path="StockTracker.MassimoDuttiScraper/StockTracker.MassimoDuttiScraper.csproj" />
  <Project Path="StockTracker.BrandDetection/StockTracker.BrandDetection.csproj" />
  <Project Path="StockTracker.Gateway/StockTracker.Gateway.csproj" />
  <Project Path="StockTracker.Identity/StockTracker.Identity.csproj" />
  <Project Path="StockTracker.Notification/StockTracker.Notification.csproj" />
  <Project Path="StockTracker.Product/StockTracker.Product.csproj" />
  <Project Path="StockTracker.SearchOrchestrator/StockTracker.SearchOrchestrator.csproj" />
  <Project Path="StockTracker.StoreReference/StockTracker.StoreReference.csproj" />
  <Project Path="StockTracker.Subscription/StockTracker.Subscription.csproj" />
  <Project Path="tests/StockTracker.SearchOrchestrator.Tests/StockTracker.SearchOrchestrator.Tests.csproj" />
  <Project Path="tests/StockTracker.Identity.Tests/StockTracker.Identity.Tests.csproj" />
  <Project Path="tests/StockTracker.Product.Tests/StockTracker.Product.Tests.csproj" />
  <Project Path="tests/StockTracker.BrandDetection.Tests/StockTracker.BrandDetection.Tests.csproj" />
  <Project Path="tests/StockTracker.StoreReference.Tests/StockTracker.StoreReference.Tests.csproj" />
  <Project Path="tests/StockTracker.BershkaScraper.Tests/StockTracker.BershkaScraper.Tests.csproj" />
  <Project Path="tests/StockTracker.ZaraScraper.Tests/StockTracker.ZaraScraper.Tests.csproj" />
  <Project Path="tests/StockTracker.MangoScraper.Tests/StockTracker.MangoScraper.Tests.csproj" />
  <Project Path="tests/StockTracker.HmScraper.Tests/StockTracker.HmScraper.Tests.csproj" />
  <Project Path="tests/StockTracker.MassimoDuttiScraper.Tests/StockTracker.MassimoDuttiScraper.Tests.csproj" />
  <Project Path="tests/StockTracker.Shared.Scraping.Tests/StockTracker.Shared.Scraping.Tests.csproj" />
  <Project Path="tests/StockTracker.Subscription.Tests/StockTracker.Subscription.Tests.csproj" />
  <Project Path="tests/StockTracker.Notification.Tests/StockTracker.Notification.Tests.csproj" />
  <Project Path="tests/StockTracker.Billing.Tests/StockTracker.Billing.Tests.csproj" />
</Solution>
